PODS:
  - AFNetworking (3.1.0):
    - AFNetworking/NSURLSession (= 3.1.0)
    - AFNetworking/Reachability (= 3.1.0)
    - AFNetworking/Security (= 3.1.0)
    - AFNetworking/Serialization (= 3.1.0)
    - AFNetworking/UIKit (= 3.1.0)
  - AFNetworking/NSURLSession (3.1.0):
    - AFNetworking/Reachability
    - AFNetworking/Security
    - AFNetworking/Serialization
  - AFNetworking/Reachability (3.1.0)
  - AFNetworking/Security (3.1.0)
  - AFNetworking/Serialization (3.1.0)
  - AFNetworking/UIKit (3.1.0):
    - AFNetworking/NSURLSession
  - HappyDNS (0.3.9)
  - HCSStarRatingView (1.4.5)
  - Qiniu (7.1.0.1):
    - AFNetworking (~> 3)
    - HappyDNS (~> 0.3)
  - RongCloudIMKit (2.6.7)

DEPENDENCIES:
  - HCSStarRatingView (~> 1.4.3)
  - Qiniu (~> 7.0)
  - RongCloudIMKit

SPEC CHECKSUMS:
  AFNetworking: 5e0e199f73d8626b11e79750991f5d173d1f8b67
  HappyDNS: 17be04178df2dd09f0ee6ac33628589b7f9910e8
  HCSStarRatingView: bff3f89314d3b5013ce826ea11897d3129ff6b8c
  Qiniu: 0e92ff0d1b9afbc55275306671284e4ebeb08d03
  RongCloudIMKit: bf5e835bd9a2ecd7c12a64919a0dbf0bb4038755

COCOAPODS: 0.39.0
