PODS:
  - AFNetworking (2.6.1):
    - AFNetworking/NSURLConnection (= 2.6.1)
    - AFNetworking/NSURLSession (= 2.6.1)
    - AFNetworking/Reachability (= 2.6.1)
    - AFNetworking/Security (= 2.6.1)
    - AFNetworking/Serialization (= 2.6.1)
    - AFNetworking/UIKit (= 2.6.1)
  - AFNetworking/NSURLConnection (2.6.1):
    - AFNetworking/Reachability
    - AFNetworking/Security
    - AFNetworking/Serialization
  - AFNetworking/NSURLSession (2.6.1):
    - AFNetworking/Reachability
    - AFNetworking/Security
    - AFNetworking/Serialization
  - AFNetworking/Reachability (2.6.1)
  - AFNetworking/Security (2.6.1)
  - AFNetworking/Serialization (2.6.1)
  - AFNetworking/UIKit (2.6.1):
    - AFNetworking/NSURLConnection
    - AFNetworking/NSURLSession
  - HappyDNS (0.2.3)
  - HCSStarRatingView (1.4.3)
  - Qiniu (7.0.13):
    - AFNetworking (~> 2.0)
    - HappyDNS (~> 0.2)
  - RongCloudIMKit (2.3.5)

DEPENDENCIES:
  - HCSStarRatingView (~> 1.4.3)
  - Qiniu (~> 7.0)
  - RongCloudIMKit

SPEC CHECKSUMS:
  AFNetworking: 8e4e60500beb8bec644cf575beee72990a76d399
  HappyDNS: 6d85942e64c28b4fa61f8c76580398f52d6d1d11
  HCSStarRatingView: bada6ae98258c3019531e0218030e2d5ad10765a
  Qiniu: d899770cc7b9a7abb3bff9fd993adc93c9475d45
  RongCloudIMKit: 920b35a7e80b4593bfb3a1c5121bf03c7e1fbf72

COCOAPODS: 0.39.0
